{
  "version": "4",
  "specifiers": {
    "jsr:@std/assert@1": "1.0.8",
    "jsr:@std/internal@^1.0.5": "1.0.5"
  },
  "jsr": {
    "@std/assert@1.0.8": {
      "integrity": "ebe0bd7eb488ee39686f77003992f389a06c3da1bbd8022184804852b2fa641b",
      "dependencies": [
        "jsr:@std/internal"
      ]
    },
    "@std/internal@1.0.5": {
      "integrity": "54a546004f769c1ac9e025abd15a76b6671ddc9687e2313b67376125650dc7ba"
    }
  },
  "remote": {
    "https://deno.land/x/delay@v0.2.0/mod.ts": "5ae83b4c1d128ec2246edd11f12df76ce184a755ff9bf48e0940346fb310571d",
    "https://deno.land/x/delay@v0.2.0/src/delay.ts": "6434eeb9baf3034143832be5dcfe54e4d78bafbcca58c69bb6c9f2b983b0f497"
  },
  "workspace": {
    "dependencies": [
      "jsr:@std/assert@1"
    ]
  }
}
